
Microsoft Visual Studio Solution File, Format Version 12.00
# Visual Studio 14
VisualStudioVersion = 14.0.25420.1
MinimumVisualStudioVersion = 10.0.40219.1
Project("{FAE04EC0-301F-11D3-BF4B-00C04F79EFBC}") = "CpuBenchmarks", "CpuBenchmarks\CpuBenchmarks.csproj", "{36404D52-7D7E-41BE-B1A3-FA0D8019D1B9}"
EndProject
Project("{FAE04EC0-301F-11D3-BF4B-00C04F79EFBC}") = "CpuBenchmarksTests", "CpuBenchmarksTests\CpuBenchmarksTests.csproj", "{5007D5E7-0EEB-42E4-9FAA-2B87AFD93938}"
EndProject
Global
	GlobalSection(SolutionConfigurationPlatforms) = preSolution
		Debug|Any CPU = Debug|Any CPU
		Release|Any CPU = Release|Any CPU
	EndGlobalSection
	GlobalSection(ProjectConfigurationPlatforms) = postSolution
		{36404D52-7D7E-41BE-B1A3-FA0D8019D1B9}.Debug|Any CPU.ActiveCfg = Debug|Any CPU
		{36404D52-7D7E-41BE-B1A3-FA0D8019D1B9}.Debug|Any CPU.Build.0 = Debug|Any CPU
		{36404D52-7D7E-41BE-B1A3-FA0D8019D1B9}.Release|Any CPU.ActiveCfg = Release|Any CPU
		{36404D52-7D7E-41BE-B1A3-FA0D8019D1B9}.Release|Any CPU.Build.0 = Release|Any CPU
		{5007D5E7-0EEB-42E4-9FAA-2B87AFD93938}.Debug|Any CPU.ActiveCfg = Debug|Any CPU
		{5007D5E7-0EEB-42E4-9FAA-2B87AFD93938}.Debug|Any CPU.Build.0 = Debug|Any CPU
		{5007D5E7-0EEB-42E4-9FAA-2B87AFD93938}.Release|Any CPU.ActiveCfg = Release|Any CPU
		{5007D5E7-0EEB-42E4-9FAA-2B87AFD93938}.Release|Any CPU.Build.0 = Release|Any CPU
	EndGlobalSection
	GlobalSection(SolutionProperties) = preSolution
		HideSolutionNode = FALSE
	EndGlobalSection
EndGlobal
